{
    "_meta": {
        "hash": {
            "sha256": "804d99997312c9cc1c6ad1b826c9678fe2954be8768924dd56fe75f10e592a72"
        },
        "pipfile-spec": 6,
        "requires": {
            "python_version": "3.6"
        },
        "sources": [
            {
                "name": "pypi",
                "url": "https://pypi.org/simple",
                "verify_ssl": true
            }
        ]
    },
    "default": {
        "django": {
            "hashes": [
                "sha256:9614851d4a7ff8cbd32b73c6076441f377c45a5bbff7e771798fb02c43c31f47",
                "sha256:af18618ce3291be5092893d8522fe3919661bf3a1fb60e3858ae74865a4f07c2"
            ],
            "index": "pypi",
            "version": "==2.0"
        },
        "pytz": {
            "hashes": [
                "sha256:1c557d7d0e871de1f5ccd5833f60fb2550652da6be2693c1e02300743d21500d",
                "sha256:b02c06db6cf09c12dd25137e563b31700d3b80fcc4ad23abb7a315f2789819be"
            ],
            "version": "==2019.3"
        }
    },
    "develop": {}
}
